
Microsoft Visual Studio Solution File, Format Version 10.00
# Visual Studio 2008
Project("{FAE04EC0-301F-11D3-BF4B-00C04F79EFBC}") = "GoodStuff", "GoodStuff.csproj", "{AB5B07E0-0C86-42AD-86FC-172DFBAE37CA}"
EndProject
Global
	GlobalSection(SolutionConfigurationPlatforms) = preSolution
		Debug|Any CPU = Debug|Any CPU
		Release|Any CPU = Release|Any CPU
	EndGlobalSection
	GlobalSection(ProjectConfigurationPlatforms) = postSolution
		{AB5B07E0-0C86-42AD-86FC-172DFBAE37CA}.Debug|Any CPU.ActiveCfg = Debug|Any CPU
		{AB5B07E0-0C86-42AD-86FC-172DFBAE37CA}.Debug|Any CPU.Build.0 = Debug|Any CPU
		{AB5B07E0-0C86-42AD-86FC-172DFBAE37CA}.Release|Any CPU.ActiveCfg = Release|Any CPU
		{AB5B07E0-0C86-42AD-86FC-172DFBAE37CA}.Release|Any CPU.Build.0 = Release|Any CPU
	EndGlobalSection
	GlobalSection(MonoDevelopProperties) = preSolution
		StartupItem = GoodStuff.csproj
	EndGlobalSection
EndGlobal
